
Microsoft Visual Studio Solution File, Format Version 12.00
# Visual Studio Version 16
VisualStudioVersion = 16.0.31112.23
MinimumVisualStudioVersion = 10.0.40219.1
Project("{FAE04EC0-301F-11D3-BF4B-00C04F79EFBC}") = "task1", "task1\task1.csproj", "{437EFE26-11CC-4DDF-A9A6-D91B9B8FC246}"
EndProject
Project("{FAE04EC0-301F-11D3-BF4B-00C04F79EFBC}") = "task2", "task2\task2.csproj", "{444210E2-55B5-4523-A624-A329DA7AB154}"
EndProject
Project("{FAE04EC0-301F-11D3-BF4B-00C04F79EFBC}") = "task3", "task3\task3.csproj", "{B947F24D-F0FE-40A9-8558-C006F76BC4FE}"
EndProject
Project("{FAE04EC0-301F-11D3-BF4B-00C04F79EFBC}") = "task4", "task4\task4.csproj", "{899C0F0C-FDA9-40F7-A73A-BC4A7B6CD61F}"
EndProject
Global
	GlobalSection(SolutionConfigurationPlatforms) = preSolution
		Debug|Any CPU = Debug|Any CPU
		Release|Any CPU = Release|Any CPU
	EndGlobalSection
	GlobalSection(ProjectConfigurationPlatforms) = postSolution
		{437EFE26-11CC-4DDF-A9A6-D91B9B8FC246}.Debug|Any CPU.ActiveCfg = Debug|Any CPU
		{437EFE26-11CC-4DDF-A9A6-D91B9B8FC246}.Debug|Any CPU.Build.0 = Debug|Any CPU
		{437EFE26-11CC-4DDF-A9A6-D91B9B8FC246}.Release|Any CPU.ActiveCfg = Release|Any CPU
		{437EFE26-11CC-4DDF-A9A6-D91B9B8FC246}.Release|Any CPU.Build.0 = Release|Any CPU
		{444210E2-55B5-4523-A624-A329DA7AB154}.Debug|Any CPU.ActiveCfg = Debug|Any CPU
		{444210E2-55B5-4523-A624-A329DA7AB154}.Debug|Any CPU.Build.0 = Debug|Any CPU
		{444210E2-55B5-4523-A624-A329DA7AB154}.Release|Any CPU.ActiveCfg = Release|Any CPU
		{444210E2-55B5-4523-A624-A329DA7AB154}.Release|Any CPU.Build.0 = Release|Any CPU
		{B947F24D-F0FE-40A9-8558-C006F76BC4FE}.Debug|Any CPU.ActiveCfg = Debug|Any CPU
		{B947F24D-F0FE-40A9-8558-C006F76BC4FE}.Debug|Any CPU.Build.0 = Debug|Any CPU
		{B947F24D-F0FE-40A9-8558-C006F76BC4FE}.Release|Any CPU.ActiveCfg = Release|Any CPU
		{B947F24D-F0FE-40A9-8558-C006F76BC4FE}.Release|Any CPU.Build.0 = Release|Any CPU
		{899C0F0C-FDA9-40F7-A73A-BC4A7B6CD61F}.Debug|Any CPU.ActiveCfg = Debug|Any CPU
		{899C0F0C-FDA9-40F7-A73A-BC4A7B6CD61F}.Debug|Any CPU.Build.0 = Debug|Any CPU
		{899C0F0C-FDA9-40F7-A73A-BC4A7B6CD61F}.Release|Any CPU.ActiveCfg = Release|Any CPU
		{899C0F0C-FDA9-40F7-A73A-BC4A7B6CD61F}.Release|Any CPU.Build.0 = Release|Any CPU
	EndGlobalSection
	GlobalSection(SolutionProperties) = preSolution
		HideSolutionNode = FALSE
	EndGlobalSection
	GlobalSection(ExtensibilityGlobals) = postSolution
		SolutionGuid = {3169AE66-7C19-4CE9-A507-A62ACEB4DD76}
	EndGlobalSection
EndGlobal
